
Microsoft Visual Studio Solution File, Format Version 12.00
# Visual Studio Version 17
VisualStudioVersion = 17.0.31903.59
MinimumVisualStudioVersion = 10.0.40219.1
Project("{2150E333-8FDC-42A3-9474-1A3956D46DE8}") = "src", "src", "{B75C92BF-2A14-4F9A-9745-6C9A0B9C05C0}"
EndProject
Project("{2150E333-8FDC-42A3-9474-1A3956D46DE8}") = "APIs", "APIs", "{B2FC6B65-7D77-4309-A17B-810A2F1DD03A}"
EndProject
Project("{FAE04EC0-301F-11D3-BF4B-00C04F79EFBC}") = "ProductAPI", "src\APIs\ProductAPI\ProductAPI.csproj", "{B95EAC79-CFAA-4F88-AA8D-040F93A8A5D2}"
EndProject
Project("{FAE04EC0-301F-11D3-BF4B-00C04F79EFBC}") = "OrderAPI", "src\APIs\OrderAPI\OrderAPI.csproj", "{FE4114B1-147F-4A13-91A5-FF3A5B6753CF}"
EndProject
Project("{FAE04EC0-301F-11D3-BF4B-00C04F79EFBC}") = "AuthAPI", "src\APIs\AuthAPI\AuthAPI.csproj", "{78D6D41F-CA32-4DC0-B548-54099DE7865C}"
EndProject
Project("{FAE04EC0-301F-11D3-BF4B-00C04F79EFBC}") = "PaymentAPI", "src\APIs\PaymentAPI\PaymentAPI.csproj", "{67D5F0E8-E5FB-454B-BD2E-CB63F5835260}"
EndProject
Project("{2150E333-8FDC-42A3-9474-1A3956D46DE8}") = "Web", "Web", "{49719470-FD11-4BA1-978C-BFF767DEC647}"
EndProject
Project("{FAE04EC0-301F-11D3-BF4B-00C04F79EFBC}") = "EcommerceMVC", "src\Web\EcommerceMVC\EcommerceMVC.csproj", "{5693BCBD-7FA1-4905-ABF3-6CD07BD1E71C}"
EndProject
Global
	GlobalSection(SolutionConfigurationPlatforms) = preSolution
		Debug|Any CPU = Debug|Any CPU
		Release|Any CPU = Release|Any CPU
	EndGlobalSection
	GlobalSection(SolutionProperties) = preSolution
		HideSolutionNode = FALSE
	EndGlobalSection
	GlobalSection(ProjectConfigurationPlatforms) = postSolution
		{B95EAC79-CFAA-4F88-AA8D-040F93A8A5D2}.Debug|Any CPU.ActiveCfg = Debug|Any CPU
		{B95EAC79-CFAA-4F88-AA8D-040F93A8A5D2}.Debug|Any CPU.Build.0 = Debug|Any CPU
		{B95EAC79-CFAA-4F88-AA8D-040F93A8A5D2}.Release|Any CPU.ActiveCfg = Release|Any CPU
		{B95EAC79-CFAA-4F88-AA8D-040F93A8A5D2}.Release|Any CPU.Build.0 = Release|Any CPU
		{FE4114B1-147F-4A13-91A5-FF3A5B6753CF}.Debug|Any CPU.ActiveCfg = Debug|Any CPU
		{FE4114B1-147F-4A13-91A5-FF3A5B6753CF}.Debug|Any CPU.Build.0 = Debug|Any CPU
		{FE4114B1-147F-4A13-91A5-FF3A5B6753CF}.Release|Any CPU.ActiveCfg = Release|Any CPU
		{FE4114B1-147F-4A13-91A5-FF3A5B6753CF}.Release|Any CPU.Build.0 = Release|Any CPU
		{78D6D41F-CA32-4DC0-B548-54099DE7865C}.Debug|Any CPU.ActiveCfg = Debug|Any CPU
		{78D6D41F-CA32-4DC0-B548-54099DE7865C}.Debug|Any CPU.Build.0 = Debug|Any CPU
		{78D6D41F-CA32-4DC0-B548-54099DE7865C}.Release|Any CPU.ActiveCfg = Release|Any CPU
		{78D6D41F-CA32-4DC0-B548-54099DE7865C}.Release|Any CPU.Build.0 = Release|Any CPU
		{67D5F0E8-E5FB-454B-BD2E-CB63F5835260}.Debug|Any CPU.ActiveCfg = Debug|Any CPU
		{67D5F0E8-E5FB-454B-BD2E-CB63F5835260}.Debug|Any CPU.Build.0 = Debug|Any CPU
		{67D5F0E8-E5FB-454B-BD2E-CB63F5835260}.Release|Any CPU.ActiveCfg = Release|Any CPU
		{67D5F0E8-E5FB-454B-BD2E-CB63F5835260}.Release|Any CPU.Build.0 = Release|Any CPU
		{5693BCBD-7FA1-4905-ABF3-6CD07BD1E71C}.Debug|Any CPU.ActiveCfg = Debug|Any CPU
		{5693BCBD-7FA1-4905-ABF3-6CD07BD1E71C}.Debug|Any CPU.Build.0 = Debug|Any CPU
		{5693BCBD-7FA1-4905-ABF3-6CD07BD1E71C}.Release|Any CPU.ActiveCfg = Release|Any CPU
		{5693BCBD-7FA1-4905-ABF3-6CD07BD1E71C}.Release|Any CPU.Build.0 = Release|Any CPU
	EndGlobalSection
	GlobalSection(NestedProjects) = preSolution
		{B2FC6B65-7D77-4309-A17B-810A2F1DD03A} = {B75C92BF-2A14-4F9A-9745-6C9A0B9C05C0}
		{B95EAC79-CFAA-4F88-AA8D-040F93A8A5D2} = {B2FC6B65-7D77-4309-A17B-810A2F1DD03A}
		{FE4114B1-147F-4A13-91A5-FF3A5B6753CF} = {B2FC6B65-7D77-4309-A17B-810A2F1DD03A}
		{78D6D41F-CA32-4DC0-B548-54099DE7865C} = {B2FC6B65-7D77-4309-A17B-810A2F1DD03A}
		{67D5F0E8-E5FB-454B-BD2E-CB63F5835260} = {B2FC6B65-7D77-4309-A17B-810A2F1DD03A}
		{49719470-FD11-4BA1-978C-BFF767DEC647} = {B75C92BF-2A14-4F9A-9745-6C9A0B9C05C0}
		{5693BCBD-7FA1-4905-ABF3-6CD07BD1E71C} = {49719470-FD11-4BA1-978C-BFF767DEC647}
	EndGlobalSection
EndGlobal
